
Microsoft Visual Studio Solution File, Format Version 12.00
# Visual Studio Version 16
VisualStudioVersion = 16.0.31112.23
MinimumVisualStudioVersion = 10.0.40219.1
Project("{9A19103F-16F7-4668-BE54-9A1E7A4F7556}") = "hrefDownloader", "href_downloader\hrefDownloader.csproj", "{9EFB1465-4E66-469C-8A42-CD64DB604137}"
EndProject
Global
	GlobalSection(SolutionConfigurationPlatforms) = preSolution
		Debug|Any CPU = Debug|Any CPU
		Release|Any CPU = Release|Any CPU
	EndGlobalSection
	GlobalSection(ProjectConfigurationPlatforms) = postSolution
		{9EFB1465-4E66-469C-8A42-CD64DB604137}.Debug|Any CPU.ActiveCfg = Debug|Any CPU
		{9EFB1465-4E66-469C-8A42-CD64DB604137}.Debug|Any CPU.Build.0 = Debug|Any CPU
		{9EFB1465-4E66-469C-8A42-CD64DB604137}.Release|Any CPU.ActiveCfg = Release|Any CPU
		{9EFB1465-4E66-469C-8A42-CD64DB604137}.Release|Any CPU.Build.0 = Release|Any CPU
	EndGlobalSection
	GlobalSection(SolutionProperties) = preSolution
		HideSolutionNode = FALSE
	EndGlobalSection
	GlobalSection(ExtensibilityGlobals) = postSolution
		SolutionGuid = {0BA6BB94-75C5-4FC2-9FAA-94D7CAB87B69}
	EndGlobalSection
EndGlobal
